
Microsoft Visual Studio Solution File, Format Version 12.00
# Visual Studio Version 17
VisualStudioVersion = 17.10.35027.167
MinimumVisualStudioVersion = 10.0.40219.1
Project("{FAE04EC0-301F-11D3-BF4B-00C04F79EFBC}") = "SafeGuard.Core", "SafeGuard.Core\SafeGuard.Core.csproj", "{FFA129B6-F124-4B75-8403-340257DDB855}"
EndProject
Global
	GlobalSection(SolutionConfigurationPlatforms) = preSolution
		Debug|Any CPU = Debug|Any CPU
		Release|Any CPU = Release|Any CPU
	EndGlobalSection
	GlobalSection(ProjectConfigurationPlatforms) = postSolution
		{FFA129B6-F124-4B75-8403-340257DDB855}.Debug|Any CPU.ActiveCfg = Debug|Any CPU
		{FFA129B6-F124-4B75-8403-340257DDB855}.Debug|Any CPU.Build.0 = Debug|Any CPU
		{FFA129B6-F124-4B75-8403-340257DDB855}.Release|Any CPU.ActiveCfg = Release|Any CPU
		{FFA129B6-F124-4B75-8403-340257DDB855}.Release|Any CPU.Build.0 = Release|Any CPU
	EndGlobalSection
	GlobalSection(SolutionProperties) = preSolution
		HideSolutionNode = FALSE
	EndGlobalSection
	GlobalSection(ExtensibilityGlobals) = postSolution
		SolutionGuid = {0767A60E-A594-4C7E-8E0B-C2EF2F15B770}
	EndGlobalSection
EndGlobal
